
Microsoft Visual Studio Solution File, Format Version 12.00
# Visual Studio 15
VisualStudioVersion = 15.0.26228.4
MinimumVisualStudioVersion = 10.0.40219.1
Project("{FAE04EC0-301F-11D3-BF4B-00C04F79EFBC}") = "ImpeCustomers", "ImpeCustomers\ImpeCustomers.csproj", "{CE2B8838-9D1B-40CB-AB69-5D598461FAF8}"
EndProject
Project("{FAE04EC0-301F-11D3-BF4B-00C04F79EFBC}") = "ImpeCustomers.Tests", "ImpeCustomers.Tests\ImpeCustomers.Tests.csproj", "{9152C516-0D31-4FF7-956C-7A73F42790C6}"
EndProject
Global
	GlobalSection(SolutionConfigurationPlatforms) = preSolution
		Debug|Any CPU = Debug|Any CPU
		Release|Any CPU = Release|Any CPU
	EndGlobalSection
	GlobalSection(ProjectConfigurationPlatforms) = postSolution
		{CE2B8838-9D1B-40CB-AB69-5D598461FAF8}.Debug|Any CPU.ActiveCfg = Debug|Any CPU
		{CE2B8838-9D1B-40CB-AB69-5D598461FAF8}.Debug|Any CPU.Build.0 = Debug|Any CPU
		{CE2B8838-9D1B-40CB-AB69-5D598461FAF8}.Release|Any CPU.ActiveCfg = Release|Any CPU
		{CE2B8838-9D1B-40CB-AB69-5D598461FAF8}.Release|Any CPU.Build.0 = Release|Any CPU
		{9152C516-0D31-4FF7-956C-7A73F42790C6}.Debug|Any CPU.ActiveCfg = Debug|Any CPU
		{9152C516-0D31-4FF7-956C-7A73F42790C6}.Debug|Any CPU.Build.0 = Debug|Any CPU
		{9152C516-0D31-4FF7-956C-7A73F42790C6}.Release|Any CPU.ActiveCfg = Release|Any CPU
		{9152C516-0D31-4FF7-956C-7A73F42790C6}.Release|Any CPU.Build.0 = Release|Any CPU
	EndGlobalSection
	GlobalSection(SolutionProperties) = preSolution
		HideSolutionNode = FALSE
	EndGlobalSection
EndGlobal
